lockfileVersion: '9.0'

settings:
  autoInstallPeers: true
  excludeLinksFromLockfile: false

importers:

  .:
    dependencies:
      dotenv:
        specifier: ^17.2.3
        version: 17.2.3
      hardhat:
        specifier: ^3.14.0
        version: 3.14.0
    devDependencies:
      '@types/node':
        specifier: ^24.13.3
        version: 24.13.3
      prettier:
        specifier: ^3.7.4
        version: 3.7.4
      typescript:
        specifier: ^5.9.3
        version: 5.9.3

packages:

  '@esbuild/aix-ppc64@0.28.2':
    resolution: {integrity: sha512-XExcO+dvLKvVtNTibSTBej1NCAbaGhWn9Ww1ZPx80qsahhPFe/8jgWP0IchNe0F3HwkU7n8ejhH8bjonqht8mQ==}
    engines: {node: '>=18'}
    cpu: [ppc64]
    os: [aix]

  '@esbuild/android-arm64@0.28.2':
    resolution: {integrity: sha512-5YfKeeI8qWfBZIX+u2xZC3Zlb3Os/gLS2sbEKM+I4ZOcsWmHS2WLysCcQZDAFRslDUU5Oiq44gf6PYN1vGwG5A==}
    engines: {node: '>=18'}
    cpu: [arm64]
    os: [android]

  '@esbuild/android-arm@0.28.2':
    resolution: {integrity: sha512-kXXoiPVVGQcnIYGOeaovwOURpniDBpSq4A03qkQ+BMQqtGG6HYap3xne9C1O1yo4TR3qxlCX5IqqmX6fFo2Lqg==}
    engines: {node: '>=18'}
    cpu: [arm]
    os: [android]

  '@esbuild/android-x64@0.28.2':
    resolution: {integrity: sha512-O387ite7SzUyCcy3JQX4P4bLtEA7bLLkx+esve5JHnyYfNTxcVpXZo9jhdB0lTKN44gztELTdU7nS8Nr16Fs1Q==}
    engines: {node: '>=18'}
    cpu: [x64]
    os: [android]

  '@esbuild/darwin-arm64@0.28.2':
    resolution: {integrity: sha512-n4KqkOQrraxHJcgjM1RvwbigfQKIKJVpM7xp+KsxiyUSrRdIXnt73VhrPAx0fV44hgfmIVKjxMN9J1t5jySVkw==}
    engines: {node: '>=18'}
    cpu: [arm64]
    os: [darwin]

  '@esbuild/darwin-x64@0.28.2':
    resolution: {integrity: sha512-uq6suIWYP37qzGddBKPw5QEQPi6HiLGsO7UmkpfyaYNQ3D+rN6w6WfwH+nuqcGXWvawGwxOEroO4YGnFh95azw==}
    engines: {node: '>=18'}
    cpu: [x64]
    os: [darwin]

  '@esbuild/freebsd-arm64@0.28.2':
    resolution: {integrity: sha512-n+I0BTSRIoy+d6RPKnEVwql5UwBJolytvY4mAOIEJorKlqgPII8ix6slVVrfZ5Tnj7glIZvloylbB/EJPMWEXw==}
    engines: {node: '>=18'}
    cpu: [arm64]
    os: [freebsd]

  '@esbuild/freebsd-x64@0.28.2':
    resolution: {integrity: sha512-78XJTJkvPs0kz2w61301PJjXl4g7q3JqiYMZ/M/yVI73EHBrCRTgkhu9oqG7vPqq+a/yadEW8aD+agKlk5xrmg==}
    engines: {node: '>=18'}
    cpu: [x64]
    os: [freebsd]

  '@esbuild/linux-arm64@0.28.2':
    resolution: {integrity: sha512-pW4AC0P3it8c7do9MVM4p51FzHzdM/TZrerurgRcHJ2WTa1VQ1CIq18xncfpBJw4ojkiZZrKW2yIBWBP92j6Ug==}
    engines: {node: '>=18'}
    cpu: [arm64]
    os: [linux]

  '@esbuild/linux-arm@0.28.2':
    resolution: {integrity: sha512-XlDnu2q5yoqems+xay6wSAcg9DDD7K9RLKZEBOMZm3ckNpJBvOX20tSfby8KfrrhINDyv9V2YVZKY/SpoGJI8w==}
    engines: {node: '>=18'}
    cpu: [arm]
    os: [linux]

  '@esbuild/linux-ia32@0.28.2':
    resolution: {integrity: sha512-CYbnj78HsIeA+DhgUKgFCfvNsTHFhMMrinUrMZpDXJXKN8T3XViTZ/+wtHeVxEWY8ewSzTFN+nRmSwO2tZaLUQ==}
    engines: {node: '>=18'}
    cpu: [ia32]
    os: [linux]

  '@esbuild/linux-loong64@0.28.2':
    resolution: {integrity: sha512-buwkd8nsph4R+ajRvw0qM5Hja/TXQow3ptzWO2EbG/cqcIkHloRrdlBtQlshyYGTNFvfkfJ5tpPLVkY4DtsPfQ==}
    engines: {node: '>=18'}
    cpu: [loong64]
    os: [linux]

  '@esbuild/linux-mips64el@0.28.2':
    resolution: {integrity: sha512-ZVykbDyk7519VwiNb9Lcj9m8XM6v5V9uKPvrEMkkEedVewf+0itkhahp4HDpgERXhwLRpWFypsGbG/J8s0QjJA==}
    engines: {node: '>=18'}
    cpu: [mips64el]
    os: [linux]

  '@esbuild/linux-ppc64@0.28.2':
    resolution: {integrity: sha512-CAXl+Dtd9UUuJd8pKKdwh6MLm3MUMiqMPmhZ3tTSXPqfyQ3vDl6R5hZdZ/kYojK4ofXtdfSv1tFq8XzWx3heNQ==}
    engines: {node: '>=18'}
    cpu: [ppc64]
    os: [linux]

  '@esbuild/linux-riscv64@0.28.2':
    resolution: {integrity: sha512-GeXCej4IQtU1B+QlDV8W/RRvbzI3O/Stss+/bCXv4lZls5WGRtu2a+3JkA3i4qIUlMXpcHebWpF8AkJhATowuA==}
    engines: {node: '>=18'}
    cpu: [riscv64]
    os: [linux]

  '@esbuild/linux-s390x@0.28.2':
    resolution: {integrity: sha512-3H1weTYZPxt/WOhByszQZybS9w5lKzUn1FDMsgEChbHWQwHYQQRfBxgCcZvPhjHfKyJjIievvMmEUawJrdY9Dg==}
    engines: {node: '>=18'}
    cpu: [s390x]
    os: [linux]

  '@esbuild/linux-x64@0.28.2':
    resolution: {integrity: sha512-4xTZr1FUmSoQW4XIWmit3tzQrUTZM+N3P0XV8xROKYF50XfI7xeO90+1bZvNwxIufQ9hDQVRJH5YhgPVF8A/HQ==}
    engines: {node: '>=18'}
    cpu: [x64]
    os: [linux]

  '@esbuild/netbsd-arm64@0.28.2':
    resolution: {integrity: sha512-sSATRjPeDBg3pdgHoQfoYBob11Kk1FGa9lui5RIHZCoCkJa9QKlvl3/vKz2usCmYYjs7ymJR/2Nnsqe+Hjt5nw==}
    engines: {node: '>=18'}
    cpu: [arm64]
    os: [netbsd]

  '@esbuild/netbsd-x64@0.28.2':
    resolution: {integrity: sha512-lqnzCV+mM0gIADaKihiCg6ifgfU2L3h5E33rNQBN1Y4MaVGnzryzmvvf7UHxprpQdE8hpqLolJ9Rl+SkIRDpyw==}
    engines: {node: '>=18'}
    cpu: [x64]
    os: [netbsd]

  '@esbuild/openbsd-arm64@0.28.2':
    resolution: {integrity: sha512-AL2qJILH7lNjrDmCQDvdxMfAUIv8KMNZOvrwAQ8i8//ntL9FflhOyMJ8OZSMBb8/AWXe3/5v5S20y3zCoZWKoQ==}
    engines: {node: '>=18'}
    cpu: [arm64]
    os: [openbsd]

  '@esbuild/openbsd-x64@0.28.2':
    resolution: {integrity: sha512-QtiuPytchRyC4rwUKhexJdQKvDuZ6hWloi3igqPQNUJCS1/v9EiO3UTOXR6A3FoMo4fnAKbWJdqaIwhOzh8qEw==}
    engines: {node: '>=18'}
    cpu: [x64]
    os: [openbsd]

  '@esbuild/openharmony-arm64@0.28.2':
    resolution: {integrity: sha512-WkhYDmpTjLvGlScA1rwjRUmhl4k8oXR3cIbtqWmELgU/dFeHHlEllxDvdWcNJV9rbzCexB5vz8gtNewWLgCT7Q==}
    engines: {node: '>=18'}
    cpu: [arm64]
    os: [openharmony]

  '@esbuild/sunos-x64@0.28.2':
    resolution: {integrity: sha512-GPMSkTOtMnv2U2F8gxe4Io6qmVs+YKyp832Etqqxr0hFngmXQ3rzwytelm3GIn7T4VviRUlf3sOgBOiTdvaf7g==}
    engines: {node: '>=18'}
    cpu: [x64]
    os: [sunos]

  '@esbuild/win32-arm64@0.28.2':
    resolution: {integrity: sha512-PIhhEkE9uPBleRBrQEJpUn7MBnibZzbGzYWPmY3x+YoVg/95zbjB4CxPPOQ8l5tYYM4mMaCthF8/1DIfBQQyWQ==}
    engines: {node: '>=18'}
    cpu: [arm64]
    os: [win32]

  '@esbuild/win32-ia32@0.28.2':
    resolution: {integrity: sha512-YmJbfTlvU7Sdn9BB+4PRES4oB6pxgS37MAONj+hBr/cpXS1aBPKXxNnDbu+QCWPj0o9dgyxeq79g6c5P8KeuYA==}
    engines: {node: '>=18'}
    cpu: [ia32]
    os: [win32]

  '@esbuild/win32-x64@0.28.2':
    resolution: {integrity: sha512-5ebpxr3nWMzrL/rnUI755Jkuee0bHL/Gq0WTF9lvcpv73wAp5eu8MfBUgWK9bhWvZjj7yX8etf/8tI8Ney695g==}
    engines: {node: '>=18'}
    cpu: [x64]
    os: [win32]

  '@noble/curves@1.4.2':
    resolution: {integrity: sha512-TavHr8qycMChk8UwMld0ZDRvatedkzWfH8IiaeGCfymOP5i0hSCozz9vHOL0nkwk7HRMlFnAiKpS2jrUmSybcw==}

  '@noble/curves@1.8.2':
    resolution: {integrity: sha512-vnI7V6lFNe0tLAuJMu+2sX+FcL14TaCWy1qiczg1VwRmPrpQCdq5ESXQMqUc2tluRNf6irBXrWbl1mGN8uaU/g==}
    engines: {node: ^14.21.3 || >=16}

  '@noble/hashes@1.4.0':
    resolution: {integrity: sha512-V1JJ1WTRUqHHrOSh597hURcMqVKVGL/ea3kv0gSnEdsEZ0/+VyPghM1lMNGc00z7CIQorSvbKpuJkxvuHbvdbg==}
    engines: {node: '>= 16'}

  '@noble/hashes@1.7.2':
    resolution: {integrity: sha512-biZ0NUSxyjLLqo6KxEJ1b+C2NAx0wtDoFvCaXHGgUkeHzf3Xc1xKumFKREuT7f7DARNZ/slvYUwFG6B0f2b6hQ==}
    engines: {node: ^14.21.3 || >=16}

  '@nomicfoundation/edr-darwin-arm64@0.17.0':
    resolution: {integrity: sha512-rw+lAEQ9/XB5kvTRlu9fs+bZ1byF3OIMOpNfkg6cSUDCZZeXXhgpbzCWVHnmY6VVcka0L/qUDbhsNPD6GmBFIw==}
    engines: {node: '>= 22'}
    cpu: [arm64]
    os: [darwin]

  '@nomicfoundation/edr-darwin-x64@0.17.0':
    resolution: {integrity: sha512-QLE4fnl0B8GK40H0QE4I4jXZ9rqG0P+QawZjlVjJAjl3mLcSCJNaNHVX1S5Z5Ee4Acrr6dfgAH8nRsTu6N8Zfw==}
    engines: {node: '>= 22'}
    cpu: [x64]
    os: [darwin]

  '@nomicfoundation/edr-linux-arm64-gnu@0.17.0':
    resolution: {integrity: sha512-NzdxADNC7L1BfgfmrqUhzUddz4Cg3Uf1pkXbVlJ38Tvn3h09m/D7+VAlxXjkvrJ5M7OoaHmr114vSlQ9zNSFJw==}
    engines: {node: '>= 22'}
    cpu: [arm64]
    os: [linux]

  '@nomicfoundation/edr-linux-arm64-musl@0.17.0':
    resolution: {integrity: sha512-1o3LTouqc831tR+cr2dfckVRlEat8Om/dqYC58NFAaED/OVj52ndX4p+qvKg2qQ0AvW6wszjRZ4TY01F3VHZ/A==}
    engines: {node: '>= 22'}
    cpu: [arm64]
    os: [linux]

  '@nomicfoundation/edr-linux-x64-gnu@0.17.0':
    resolution: {integrity: sha512-pDyvBR9tXBGL6u0Qc60Hi7szpjHq9xqa9aHgT81/qbcisTRkwpqEcHv6zFJ6ZIkCZa0+WYcziQ67Nho17btYvA==}
    engines: {node: '>= 22'}
    cpu: [x64]
    os: [linux]

  '@nomicfoundation/edr-linux-x64-musl@0.17.0':
    resolution: {integrity: sha512-AnPUwuhKUkbgDM7TDfU3q3R4uXP4P+0IG8+8hdph/sgo34LA0cFILWQhKKnR4eSdlgLiepG9bjpF84yXuydyuA==}
    engines: {node: '>= 22'}
    cpu: [x64]
    os: [linux]

  '@nomicfoundation/edr-win32-x64-msvc@0.17.0':
    resolution: {integrity: sha512-buvHzzK/UzeXcgY7UD0izceM2GRxC5akKgBaCfPdcpQybOmSdJHUm9kSCEWmy/YTf4HVLLgA9EyrHCLqY2Tsrw==}
    engines: {node: '>= 22'}
    cpu: [x64]
    os: [win32]

  '@nomicfoundation/edr@0.17.0':
    resolution: {integrity: sha512-gnPDZEgIzkp5fwGMI8AVoRconp1BK8SGWiBTtQXq9G0+CAvS7hlz7Y9HiHptyv84cqKVacRSDqsS+7oN08su1Q==}
    engines: {node: '>= 22'}

  '@nomicfoundation/hardhat-errors@3.0.21':
    resolution: {integrity: sha512-jXgqgxmI1D7vYcWRQnb6HsRDssxE87a4xJ48FQAdkZUPclB0aVISx6IoVG1Kttx2jJ7tNuo9GasJxpOv7stqyg==}

  '@nomicfoundation/hardhat-utils@4.1.9':
    resolution: {integrity: sha512-vUyHQ2H1VfknTUxO3Vat7z0y9WkDUF69pLrrLZN2K1/+TKJN+TVzEMeXW/2GXJzIhm2uc2qZXOYwQUh+SU9PbQ==}

  '@nomicfoundation/hardhat-vendored@3.0.4':
    resolution: {integrity: sha512-RO8Otj1FvRvxJmXzkxh1vTwK/+cqSVPYLqY6RrWkmzHEEcxnAwAFsBYdW7xyTEyW/pVbSSNd2gs3aoGdGZaoNA==}

  '@nomicfoundation/hardhat-zod-utils@3.0.6':
    resolution: {integrity: sha512-DraBttTle+tRi24wkEfTYUrsX/Cdp74ySXcc4MUzMQPBQNUTFx5YyTH7qFhXQdz3V171iqLAQpOAhNcEqwmq9Q==}
    peerDependencies:
      zod: ^3.23.8

  '@nomicfoundation/solidity-analyzer-darwin-arm64@0.1.2':
    resolution: {integrity: sha512-JaqcWPDZENCvm++lFFGjrDd8mxtf+CtLd2MiXvMNTBD33dContTZ9TWETwNFwg7JTJT5Q9HEecH7FA+HTSsIUw==}
    engines: {node: '>= 12'}

  '@nomicfoundation/solidity-analyzer-darwin-x64@0.1.2':
    resolution: {integrity: sha512-fZNmVztrSXC03e9RONBT+CiksSeYcxI1wlzqyr0L7hsQlK1fzV+f04g2JtQ1c/Fe74ZwdV6aQBdd6Uwl1052sw==}
    engines: {node: '>= 12'}

  '@nomicfoundation/solidity-analyzer-linux-arm64-gnu@0.1.2':
    resolution: {integrity: sha512-3d54oc+9ZVBuB6nbp8wHylk4xh0N0Gc+bk+/uJae+rUgbOBwQSfuGIbAZt1wBXs5REkSmynEGcqx6DutoK0tPA==}
    engines: {node: '>= 12'}

  '@nomicfoundation/solidity-analyzer-linux-arm64-musl@0.1.2':
    resolution: {integrity: sha512-iDJfR2qf55vgsg7BtJa7iPiFAsYf2d0Tv/0B+vhtnI16+wfQeTbP7teookbGvAo0eJo7aLLm0xfS/GTkvHIucA==}
    engines: {node: '>= 12'}

  '@nomicfoundation/solidity-analyzer-linux-x64-gnu@0.1.2':
    resolution: {integrity: sha512-9dlHMAt5/2cpWyuJ9fQNOUXFB/vgSFORg1jpjX1Mh9hJ/MfZXlDdHQ+DpFCs32Zk5pxRBb07yGvSHk9/fezL+g==}
    engines: {node: '>= 12'}

  '@nomicfoundation/solidity-analyzer-linux-x64-musl@0.1.2':
    resolution: {integrity: sha512-GzzVeeJob3lfrSlDKQw2bRJ8rBf6mEYaWY+gW0JnTDHINA0s2gPR4km5RLIj1xeZZOYz4zRw+AEeYgLRqB2NXg==}
    engines: {node: '>= 12'}

  '@nomicfoundation/solidity-analyzer-win32-x64-msvc@0.1.2':
    resolution: {integrity: sha512-Fdjli4DCcFHb4Zgsz0uEJXZ2K7VEO+w5KVv7HmT7WO10iODdU9csC2az4jrhEsRtiR9Gfd74FlG0NYlw1BMdyA==}
    engines: {node: '>= 12'}

  '@nomicfoundation/solidity-analyzer@0.1.2':
    resolution: {integrity: sha512-q4n32/FNKIhQ3zQGGw5CvPF6GTvDCpYwIf7bEY/dZTZbgfDsHyjJwURxUJf3VQuuJj+fDIFl4+KkBVbw4Ef6jA==}
    engines: {node: '>= 12'}

  '@scure/base@1.1.9':
    resolution: {integrity: sha512-8YKhl8GHiNI/pU2VMaofa2Tor7PJRAjwQLBBuilkJ9L5+13yVbC7JO/wS7piioAvPSwR3JKM1IJ/u4xQzbcXKg==}

  '@scure/base@1.2.6':
    resolution: {integrity: sha512-g/nm5FgUa//MCj1gV09zTJTaM6KBAHqLN907YVQqf7zC49+DcO4B1so4ZX07Ef10Twr6nuqYEH9GEggFXA4Fmg==}

  '@scure/bip32@1.4.0':
    resolution: {integrity: sha512-sVUpc0Vq3tXCkDGYVWGIZTRfnvu8LoTDaev7vbwh0omSvVORONr960MQWdKqJDCReIEmTj3PAr73O3aoxz7OPg==}

  '@scure/bip39@1.3.0':
    resolution: {integrity: sha512-disdg7gHuTDZtY+ZdkmLpPCk7fxZSu3gBiEGuoC1XYxv9cGx3Z6cpTggCgW6odSOOIXCiDjuGejW+aJKCY/pIQ==}

  '@sentry/core@9.47.1':
    resolution: {integrity: sha512-KX62+qIt4xgy8eHKHiikfhz2p5fOciXd0Cl+dNzhgPFq8klq4MGMNaf148GB3M/vBqP4nw/eFvRMAayFCgdRQw==}
    engines: {node: '>=18'}

  '@streamparser/json-node@0.0.22':
    resolution: {integrity: sha512-sJT2ptNRwqB1lIsQrQlCoWk5rF4tif9wDh+7yluAGijJamAhrHGYpFB/Zg3hJeceoZypi74ftXk8DHzwYpbZSg==}

  '@streamparser/json@0.0.22':
    resolution: {integrity: sha512-b6gTSBjJ8G8SuO3Gbbj+zXbVx8NSs1EbpbMKpzGLWMdkR+98McH9bEjSz3+0mPJf68c5nxa3CrJHp5EQNXM6zQ==}

  '@types/node@24.13.3':
    resolution: {integrity: sha512-Dh8vAsV36ig5wa9OX4pXvMc9D3Veibfw2wix0CUwYODLD8nkj9UsLjASr49nPg+2eKzxhBV+v7L8pXvT4e639Q==}

  adm-zip@0.6.0:
    resolution: {integrity: sha512-XleryMhbuksdKtofnWZ9Sk+4CUTbms4Mb/EU32SZwToAyZ5RgVos/ki8n+yr0LWHOGKuakbXTuuYNHLQjhddgg==}
    engines: {node: '>=14.0'}

  ansi-colors@4.1.3:
    resolution: {integrity: sha512-/6w/C21Pm1A7aZitlI5Ni/2J6FFQN8i1Cvz3kHABAAbw93v/NlvKdVOqz7CCWz/3iv/JplRSEEZ83XION15ovw==}
    engines: {node: '>=6'}

  ansi-regex@5.0.1:
    resolution: {integrity: sha512-quJQXlTSUGL2LH9SUXo8VwsY4soanhgo6LNSm84E1LBcE8s3O0wpdiRzyR9z/ZZJMlMWv37qOOb9pdJlMUEKFQ==}
    engines: {node: '>=8'}

  chokidar@5.0.0:
    resolution: {integrity: sha512-TQMmc3w+5AxjpL8iIiwebF73dRDF4fBIieAqGn9RGCWaEVwQ6Fb2cGe31Yns0RRIzii5goJ1Y7xbMwo1TxMplw==}
    engines: {node: '>= 20.19.0'}

  dotenv@17.2.3:
    resolution: {integrity: sha512-JVUnt+DUIzu87TABbhPmNfVdBDt18BLOWjMUFJMSi/Qqg7NTYtabbvSNJGOJ7afbRuv9D/lngizHtP7QyLQ+9w==}
    engines: {node: '>=12'}

  enquirer@2.4.1:
    resolution: {integrity: sha512-rRqJg/6gd538VHvR3PSrdRBb/1Vy2YfzHqzvbhGIQpDRKIa4FgV/54b5Q1xYSxOOwKvjXweS26E0Q+nAMwp2pQ==}
    engines: {node: '>=8.6'}

  env-paths@4.0.0:
    resolution: {integrity: sha512-pxP8eL2SwwaTRi/KHYwLYXinDs7gL3jxFcBYmEdYfZmZXbaVDvdppd0XBU8qVz03rDfKZMXg1omHCbsJjZrMsw==}
    engines: {node: '>=20'}

  esbuild@0.28.2:
    resolution: {integrity: sha512-HKVLS8dvII+xoKW9kmqxbRKrnWEXfJJr/FZhhJmiqIB0e053QNYFqOBouTMO/k5sID4MvCiUCvv8b9M4h32wIA==}
    engines: {node: '>=18'}
    hasBin: true

  ethereum-cryptography@2.2.1:
    resolution: {integrity: sha512-r/W8lkHSiTLxUxW8Rf3u4HGB0xQweG2RyETjywylKZSzLWoWAijRz8WCuOtJ6wah+avllXBqZuk29HCCvhEIRg==}

  fast-equals@6.0.2:
    resolution: {integrity: sha512-sAjhj9ZhOxYCGiNMnZLaucOqf5ZeFnHNoKoAZiD9thhJ0N8RP85qJK759/97C/3L7NzzmGVB5uiX9AUpySZmUQ==}
    engines: {node: '>=6.0.0'}

  fsevents@2.3.3:
    resolution: {integrity: sha512-5xoDfX+fL7faATnagmWPpbFtwh/R77WmMMqqHGS65C3vvB0YHrgF+B1YmZ3441tMj5n63k0212XNoJwzlhffQw==}
    engines: {node: ^8.16.0 || ^10.6.0 || >=11.0.0}
    os: [darwin]

  hardhat@3.14.0:
    resolution: {integrity: sha512-6VlEaARXKtz2RUWhOlbTUMN2uM03oHxjsGJNfTpVDOokYMDL7/aFy3m/QfcXyaxYghUZLhW/0oJO4f6Xh34cHg==}
    hasBin: true

  is-safe-filename@0.1.1:
    resolution: {integrity: sha512-4SrR7AdnY11LHfDKTZY1u6Ga3RuxZdl3YKWWShO5iyuG5h8QS4GD2tOb04peBJ5I7pXbR+CGBNEhTcwK+FzN3g==}
    engines: {node: '>=20'}

  json-stream-stringify@3.1.7:
    resolution: {integrity: sha512-F4MWetLtY42YMaAKw5cV4e47zMD5aOT+tjjQWjX18ACtdkQ5Y/vrcfbcQ107Rh+MXjOCIx4KhW0wPmOvG8iQ5w==}
    engines: {node: '>=7.10.1'}

  micro-eth-signer@0.14.0:
    resolution: {integrity: sha512-5PLLzHiVYPWClEvZIXXFu5yutzpadb73rnQCpUqIHu3No3coFuWQNfE5tkBQJ7djuLYl6aRLaS0MgWJYGoqiBw==}

  micro-packed@0.7.3:
    resolution: {integrity: sha512-2Milxs+WNC00TRlem41oRswvw31146GiSaoCT7s3Xi2gMUglW5QBeqlQaZeHr5tJx9nm3i57LNXPqxOOaWtTYg==}

  p-map@7.0.7:
    resolution: {integrity: sha512-VaWRu2i4FJNRtiRWCuuQRgfQ1B7a6+gMSrO+3j0EQi/k0ULfS9kosRxGoiqwzIjZTDI02tGfk5mXXltLg6QtfQ==}
    engines: {node: '>=18'}

  prettier@3.7.4:
    resolution: {integrity: sha512-v6UNi1+3hSlVvv8fSaoUbggEM5VErKmmpGA7Pl3HF8V6uKY7rvClBOJlH6yNwQtfTueNkGVpOv/mtWL9L4bgRA==}
    engines: {node: '>=14'}
    hasBin: true

  readdirp@5.1.1:
    resolution: {integrity: sha512-Kko+Y5XQ6fM+Ce3dq3m9YGxnacYZYl9cA1wZjaF3Vbry2L3i1qVg8+CAgNPsXRArPMUMCaOR7oa9Nqntc43JKA==}
    engines: {node: '>= 20.19.0'}

  resolve.exports@2.0.3:
    resolution: {integrity: sha512-OcXjMsGdhL4XnbShKpAcSqPMzQoYkYyhbEaeSko47MjRP9NfEQMhZkXL1DoFlt9LWQn4YttrdnV6X2OiyzBi+A==}
    engines: {node: '>=10'}

  rfdc@1.4.1:
    resolution: {integrity: sha512-q1b3N5QkRUWUl7iyylaaj3kOpIT0N2i9MqIEQXP73GVsN9cw3fdx8X63cEmWhJGi2PPCF23Ijp7ktmd39rawIA==}

  semver@7.8.5:
    resolution: {integrity: sha512-Y7/KDsb8LjooZpwaqGyulO6DQlksgCncchHGk+sZIY4SBvUocMBEFH5Ur1fI4dV+Jvl0w6cjvucaIi40puRioA==}
    engines: {node: '>=10'}
    hasBin: true

  strip-ansi@6.0.1:
    resolution: {integrity: sha512-Y38VPSHcqkFrCpFnQ9vuSXmquuv5oXOKpGeT6aGrr3o3Gc9AlVa6JBfUSOCnbxGGZF+/0ooI7KrPuUSztUdU5A==}
    engines: {node: '>=8'}

  tsx@4.23.13:
    resolution: {integrity: sha512-BL5MGkRln6aDYhb0xbQlEAGw743BaZYWdbWtdJOBriYJboKgUUYCadFp2/FpBBZquBC/ezNBn7wMMPx7FDZUDw==}
    engines: {node: '>=18.0.0'}
    hasBin: true

  typescript@5.9.3:
    resolution: {integrity: sha512-jl1vZzPDinLr9eUt3J/t7V6FgNEw9QjvBPdysz9KfQDD41fQrC2Y4vKQdiaUpFT4bXlb1RHhLpp8wtm6M5TgSw==}
    engines: {node: '>=14.17'}
    hasBin: true

  undici-types@7.18.2:
    resolution: {integrity: sha512-AsuCzffGHJybSaRrmr5eHr81mwJU3kjw6M+uprWvCXiNeN9SOGwQ3Jn8jb8m3Z6izVgknn1R0FTCEAP2QrLY/w==}

  undici@6.28.0:
    resolution: {integrity: sha512-LIY910g9TI13YS95lrMFrs8Rm/u/irgHeTWoKCoteeJ04CUJ92eEfj0rVn+7VKMPBpUPiUoBKfhNyLI23EE/KA==}
    engines: {node: '>=18.17'}

  ws@8.21.3:
    resolution: {integrity: sha512-201TZ/kPWxoPr/OKWjquZR1SWKXcvxdH+e1xrx89b3YbmzLMFCLfnaG1HFIgWzJOEWZ7MvpK++odZufgYR50Rw==}
    engines: {node: '>=10.0.0'}
    peerDependencies:
      bufferutil: ^4.0.1
      utf-8-validate: '>=5.0.2'
    peerDependenciesMeta:
      bufferutil:
        optional: true
      utf-8-validate:
        optional: true

  zod@3.25.76:
    resolution: {integrity: sha512-gzUt/qt81nXsFGKIFcC3YnfEAx5NkunCfnDlvuBSSFS02bcXu4Lmea0AFIUwbLWxWPx3d9p8S5QoaujKcNQxcQ==}

snapshots:

  '@esbuild/aix-ppc64@0.28.2':
    optional: true

  '@esbuild/android-arm64@0.28.2':
    optional: true

  '@esbuild/android-arm@0.28.2':
    optional: true

  '@esbuild/android-x64@0.28.2':
    optional: true

  '@esbuild/darwin-arm64@0.28.2':
    optional: true

  '@esbuild/darwin-x64@0.28.2':
    optional: true

  '@esbuild/freebsd-arm64@0.28.2':
    optional: true

  '@esbuild/freebsd-x64@0.28.2':
    optional: true

  '@esbuild/linux-arm64@0.28.2':
    optional: true

  '@esbuild/linux-arm@0.28.2':
    optional: true

  '@esbuild/linux-ia32@0.28.2':
    optional: true

  '@esbuild/linux-loong64@0.28.2':
    optional: true

  '@esbuild/linux-mips64el@0.28.2':
    optional: true

  '@esbuild/linux-ppc64@0.28.2':
    optional: true

  '@esbuild/linux-riscv64@0.28.2':
    optional: true

  '@esbuild/linux-s390x@0.28.2':
    optional: true

  '@esbuild/linux-x64@0.28.2':
    optional: true

  '@esbuild/netbsd-arm64@0.28.2':
    optional: true

  '@esbuild/netbsd-x64@0.28.2':
    optional: true

  '@esbuild/openbsd-arm64@0.28.2':
    optional: true

  '@esbuild/openbsd-x64@0.28.2':
    optional: true

  '@esbuild/openharmony-arm64@0.28.2':
    optional: true

  '@esbuild/sunos-x64@0.28.2':
    optional: true

  '@esbuild/win32-arm64@0.28.2':
    optional: true

  '@esbuild/win32-ia32@0.28.2':
    optional: true

  '@esbuild/win32-x64@0.28.2':
    optional: true

  '@noble/curves@1.4.2':
    dependencies:
      '@noble/hashes': 1.4.0

  '@noble/curves@1.8.2':
    dependencies:
      '@noble/hashes': 1.7.2

  '@noble/hashes@1.4.0': {}

  '@noble/hashes@1.7.2': {}

  '@nomicfoundation/edr-darwin-arm64@0.17.0':
    optional: true

  '@nomicfoundation/edr-darwin-x64@0.17.0':
    optional: true

  '@nomicfoundation/edr-linux-arm64-gnu@0.17.0':
    optional: true

  '@nomicfoundation/edr-linux-arm64-musl@0.17.0':
    optional: true

  '@nomicfoundation/edr-linux-x64-gnu@0.17.0':
    optional: true

  '@nomicfoundation/edr-linux-x64-musl@0.17.0':
    optional: true

  '@nomicfoundation/edr-win32-x64-msvc@0.17.0':
    optional: true

  '@nomicfoundation/edr@0.17.0':
    optionalDependencies:
      '@nomicfoundation/edr-darwin-arm64': 0.17.0
      '@nomicfoundation/edr-darwin-x64': 0.17.0
      '@nomicfoundation/edr-linux-arm64-gnu': 0.17.0
      '@nomicfoundation/edr-linux-arm64-musl': 0.17.0
      '@nomicfoundation/edr-linux-x64-gnu': 0.17.0
      '@nomicfoundation/edr-linux-x64-musl': 0.17.0
      '@nomicfoundation/edr-win32-x64-msvc': 0.17.0

  '@nomicfoundation/hardhat-errors@3.0.21':
    dependencies:
      '@nomicfoundation/hardhat-utils': 4.1.9

  '@nomicfoundation/hardhat-utils@4.1.9':
    dependencies:
      '@streamparser/json-node': 0.0.22
      env-paths: 4.0.0
      ethereum-cryptography: 2.2.1
      fast-equals: 6.0.2
      json-stream-stringify: 3.1.7
      rfdc: 1.4.1
      undici: 6.28.0

  '@nomicfoundation/hardhat-vendored@3.0.4': {}

  '@nomicfoundation/hardhat-zod-utils@3.0.6(zod@3.25.76)':
    dependencies:
      '@nomicfoundation/hardhat-errors': 3.0.21
      '@nomicfoundation/hardhat-utils': 4.1.9
      zod: 3.25.76

  '@nomicfoundation/solidity-analyzer-darwin-arm64@0.1.2':
    optional: true

  '@nomicfoundation/solidity-analyzer-darwin-x64@0.1.2':
    optional: true

  '@nomicfoundation/solidity-analyzer-linux-arm64-gnu@0.1.2':
    optional: true

  '@nomicfoundation/solidity-analyzer-linux-arm64-musl@0.1.2':
    optional: true

  '@nomicfoundation/solidity-analyzer-linux-x64-gnu@0.1.2':
    optional: true

  '@nomicfoundation/solidity-analyzer-linux-x64-musl@0.1.2':
    optional: true

  '@nomicfoundation/solidity-analyzer-win32-x64-msvc@0.1.2':
    optional: true

  '@nomicfoundation/solidity-analyzer@0.1.2':
    optionalDependencies:
      '@nomicfoundation/solidity-analyzer-darwin-arm64': 0.1.2
      '@nomicfoundation/solidity-analyzer-darwin-x64': 0.1.2
      '@nomicfoundation/solidity-analyzer-linux-arm64-gnu': 0.1.2
      '@nomicfoundation/solidity-analyzer-linux-arm64-musl': 0.1.2
      '@nomicfoundation/solidity-analyzer-linux-x64-gnu': 0.1.2
      '@nomicfoundation/solidity-analyzer-linux-x64-musl': 0.1.2
      '@nomicfoundation/solidity-analyzer-win32-x64-msvc': 0.1.2

  '@scure/base@1.1.9': {}

  '@scure/base@1.2.6': {}

  '@scure/bip32@1.4.0':
    dependencies:
      '@noble/curves': 1.4.2
      '@noble/hashes': 1.4.0
      '@scure/base': 1.1.9

  '@scure/bip39@1.3.0':
    dependencies:
      '@noble/hashes': 1.4.0
      '@scure/base': 1.1.9

  '@sentry/core@9.47.1': {}

  '@streamparser/json-node@0.0.22':
    dependencies:
      '@streamparser/json': 0.0.22

  '@streamparser/json@0.0.22': {}

  '@types/node@24.13.3':
    dependencies:
      undici-types: 7.18.2

  adm-zip@0.6.0: {}

  ansi-colors@4.1.3: {}

  ansi-regex@5.0.1: {}

  chokidar@5.0.0:
    dependencies:
      readdirp: 5.1.1

  dotenv@17.2.3: {}

  enquirer@2.4.1:
    dependencies:
      ansi-colors: 4.1.3
      strip-ansi: 6.0.1

  env-paths@4.0.0:
    dependencies:
      is-safe-filename: 0.1.1

  esbuild@0.28.2:
    optionalDependencies:
      '@esbuild/aix-ppc64': 0.28.2
      '@esbuild/android-arm': 0.28.2
      '@esbuild/android-arm64': 0.28.2
      '@esbuild/android-x64': 0.28.2
      '@esbuild/darwin-arm64': 0.28.2
      '@esbuild/darwin-x64': 0.28.2
      '@esbuild/freebsd-arm64': 0.28.2
      '@esbuild/freebsd-x64': 0.28.2
      '@esbuild/linux-arm': 0.28.2
      '@esbuild/linux-arm64': 0.28.2
      '@esbuild/linux-ia32': 0.28.2
      '@esbuild/linux-loong64': 0.28.2
      '@esbuild/linux-mips64el': 0.28.2
      '@esbuild/linux-ppc64': 0.28.2
      '@esbuild/linux-riscv64': 0.28.2
      '@esbuild/linux-s390x': 0.28.2
      '@esbuild/linux-x64': 0.28.2
      '@esbuild/netbsd-arm64': 0.28.2
      '@esbuild/netbsd-x64': 0.28.2
      '@esbuild/openbsd-arm64': 0.28.2
      '@esbuild/openbsd-x64': 0.28.2
      '@esbuild/openharmony-arm64': 0.28.2
      '@esbuild/sunos-x64': 0.28.2
      '@esbuild/win32-arm64': 0.28.2
      '@esbuild/win32-ia32': 0.28.2
      '@esbuild/win32-x64': 0.28.2

  ethereum-cryptography@2.2.1:
    dependencies:
      '@noble/curves': 1.4.2
      '@noble/hashes': 1.4.0
      '@scure/bip32': 1.4.0
      '@scure/bip39': 1.3.0

  fast-equals@6.0.2: {}

  fsevents@2.3.3:
    optional: true

  hardhat@3.14.0:
    dependencies:
      '@nomicfoundation/edr': 0.17.0
      '@nomicfoundation/hardhat-errors': 3.0.21
      '@nomicfoundation/hardhat-utils': 4.1.9
      '@nomicfoundation/hardhat-vendored': 3.0.4
      '@nomicfoundation/hardhat-zod-utils': 3.0.6(zod@3.25.76)
      '@nomicfoundation/solidity-analyzer': 0.1.2
      '@sentry/core': 9.47.1
      adm-zip: 0.6.0
      chokidar: 5.0.0
      enquirer: 2.4.1
      ethereum-cryptography: 2.2.1
      micro-eth-signer: 0.14.0
      p-map: 7.0.7
      resolve.exports: 2.0.3
      semver: 7.8.5
      tsx: 4.23.13
      ws: 8.21.3
      zod: 3.25.76
    transitivePeerDependencies:
      - bufferutil
      - utf-8-validate

  is-safe-filename@0.1.1: {}

  json-stream-stringify@3.1.7: {}

  micro-eth-signer@0.14.0:
    dependencies:
      '@noble/curves': 1.8.2
      '@noble/hashes': 1.7.2
      micro-packed: 0.7.3

  micro-packed@0.7.3:
    dependencies:
      '@scure/base': 1.2.6

  p-map@7.0.7: {}

  prettier@3.7.4: {}

  readdirp@5.1.1: {}

  resolve.exports@2.0.3: {}

  rfdc@1.4.1: {}

  semver@7.8.5: {}

  strip-ansi@6.0.1:
    dependencies:
      ansi-regex: 5.0.1

  tsx@4.23.13:
    dependencies:
      esbuild: 0.28.2
    optionalDependencies:
      fsevents: 2.3.3

  typescript@5.9.3: {}

  undici-types@7.18.2: {}

  undici@6.28.0: {}

  ws@8.21.3: {}

  zod@3.25.76: {}
